
Microsoft Visual Studio Solution File, Format Version 12.00
# Visual Studio Version 17
VisualStudioVersion = 17.7.34003.232
MinimumVisualStudioVersion = 10.0.40219.1
Project("{FAE04EC0-301F-11D3-BF4B-00C04F79EFBC}") = "Static_Jackson_Lydia", "Static_Jackson_Lydia.csproj", "{BD60C374-B5C7-48CA-A58C-D4ABA2243C9D}"
EndProject
Global
	GlobalSection(SolutionConfigurationPlatforms) = preSolution
		Debug|Any CPU = Debug|Any CPU
		Release|Any CPU = Release|Any CPU
	EndGlobalSection
	GlobalSection(ProjectConfigurationPlatforms) = postSolution
		{BD60C374-B5C7-48CA-A58C-D4ABA2243C9D}.Debug|Any CPU.ActiveCfg = Debug|Any CPU
		{BD60C374-B5C7-48CA-A58C-D4ABA2243C9D}.Debug|Any CPU.Build.0 = Debug|Any CPU
		{BD60C374-B5C7-48CA-A58C-D4ABA2243C9D}.Release|Any CPU.ActiveCfg = Release|Any CPU
		{BD60C374-B5C7-48CA-A58C-D4ABA2243C9D}.Release|Any CPU.Build.0 = Release|Any CPU
	EndGlobalSection
	GlobalSection(SolutionProperties) = preSolution
		HideSolutionNode = FALSE
	EndGlobalSection
	GlobalSection(ExtensibilityGlobals) = postSolution
		SolutionGuid = {A1E2E09B-7597-40AC-B998-D985F461D777}
	EndGlobalSection
EndGlobal
